
Microsoft Visual Studio Solution File, Format Version 12.00
# Visual Studio Version 16
VisualStudioVersion = 16.0.30413.136
MinimumVisualStudioVersion = 10.0.40219.1
Project("{FAE04EC0-301F-11D3-BF4B-00C04F79EFBC}") = "volume of sphere", "volume of sphere\volume of sphere.csproj", "{B7A14D6D-ABD3-4822-9B8D-56AE94202A0E}"
EndProject
Global
	GlobalSection(SolutionConfigurationPlatforms) = preSolution
		Debug|Any CPU = Debug|Any CPU
		Release|Any CPU = Release|Any CPU
	EndGlobalSection
	GlobalSection(ProjectConfigurationPlatforms) = postSolution
		{B7A14D6D-ABD3-4822-9B8D-56AE94202A0E}.Debug|Any CPU.ActiveCfg = Debug|Any CPU
		{B7A14D6D-ABD3-4822-9B8D-56AE94202A0E}.Debug|Any CPU.Build.0 = Debug|Any CPU
		{B7A14D6D-ABD3-4822-9B8D-56AE94202A0E}.Release|Any CPU.ActiveCfg = Release|Any CPU
		{B7A14D6D-ABD3-4822-9B8D-56AE94202A0E}.Release|Any CPU.Build.0 = Release|Any CPU
	EndGlobalSection
	GlobalSection(SolutionProperties) = preSolution
		HideSolutionNode = FALSE
	EndGlobalSection
	GlobalSection(ExtensibilityGlobals) = postSolution
		SolutionGuid = {5AE0A581-F277-4780-ACAC-F0A60D198DDE}
	EndGlobalSection
EndGlobal
