
Microsoft Visual Studio Solution File, Format Version 12.00
# Visual Studio Version 16
VisualStudioVersion = 16.0.30413.136
MinimumVisualStudioVersion = 10.0.40219.1
Project("{FAE04EC0-301F-11D3-BF4B-00C04F79EFBC}") = "mean and median", "mean and median\mean and median.csproj", "{6E8C2FB1-1916-43BB-8CDC-8CD500AA75F0}"
EndProject
Global
	GlobalSection(SolutionConfigurationPlatforms) = preSolution
		Debug|Any CPU = Debug|Any CPU
		Release|Any CPU = Release|Any CPU
	EndGlobalSection
	GlobalSection(ProjectConfigurationPlatforms) = postSolution
		{6E8C2FB1-1916-43BB-8CDC-8CD500AA75F0}.Debug|Any CPU.ActiveCfg = Debug|Any CPU
		{6E8C2FB1-1916-43BB-8CDC-8CD500AA75F0}.Debug|Any CPU.Build.0 = Debug|Any CPU
		{6E8C2FB1-1916-43BB-8CDC-8CD500AA75F0}.Release|Any CPU.ActiveCfg = Release|Any CPU
		{6E8C2FB1-1916-43BB-8CDC-8CD500AA75F0}.Release|Any CPU.Build.0 = Release|Any CPU
	EndGlobalSection
	GlobalSection(SolutionProperties) = preSolution
		HideSolutionNode = FALSE
	EndGlobalSection
	GlobalSection(ExtensibilityGlobals) = postSolution
		SolutionGuid = {231C9332-EC6B-4A1F-B519-5DB0A5C3579C}
	EndGlobalSection
EndGlobal
